
Microsoft Visual Studio Solution File, Format Version 12.00
# Visual Studio Version 17
VisualStudioVersion = 17.8.34525.116
MinimumVisualStudioVersion = 10.0.40219.1
Project("{FAE04EC0-301F-11D3-BF4B-00C04F79EFBC}") = "studentinfosystem", "studentinfosystem\studentinfosystem.csproj", "{FFD0B074-499D-4CF2-9660-8F0B87639B1C}"
EndProject
Global
	GlobalSection(SolutionConfigurationPlatforms) = preSolution
		Debug|Any CPU = Debug|Any CPU
		Release|Any CPU = Release|Any CPU
	EndGlobalSection
	GlobalSection(ProjectConfigurationPlatforms) = postSolution
		{FFD0B074-499D-4CF2-9660-8F0B87639B1C}.Debug|Any CPU.ActiveCfg = Debug|Any CPU
		{FFD0B074-499D-4CF2-9660-8F0B87639B1C}.Debug|Any CPU.Build.0 = Debug|Any CPU
		{FFD0B074-499D-4CF2-9660-8F0B87639B1C}.Release|Any CPU.ActiveCfg = Release|Any CPU
		{FFD0B074-499D-4CF2-9660-8F0B87639B1C}.Release|Any CPU.Build.0 = Release|Any CPU
	EndGlobalSection
	GlobalSection(SolutionProperties) = preSolution
		HideSolutionNode = FALSE
	EndGlobalSection
	GlobalSection(ExtensibilityGlobals) = postSolution
		SolutionGuid = {9F7C286C-AB79-49B5-9F67-A8958A5D457B}
	EndGlobalSection
EndGlobal
